
Microsoft Visual Studio Solution File, Format Version 12.00
# Visual Studio Version 16
VisualStudioVersion = 16.0.29806.167
MinimumVisualStudioVersion = 10.0.40219.1
Project("{FAE04EC0-301F-11D3-BF4B-00C04F79EFBC}") = "StriveEasierAlgorithms", "StriveEasierAlgorithms\StriveEasierAlgorithms.csproj", "{97FD9381-9A44-4169-9BDD-655EC75D226B}"
EndProject
Global
	GlobalSection(SolutionConfigurationPlatforms) = preSolution
		Debug|Any CPU = Debug|Any CPU
		Release|Any CPU = Release|Any CPU
	EndGlobalSection
	GlobalSection(ProjectConfigurationPlatforms) = postSolution
		{97FD9381-9A44-4169-9BDD-655EC75D226B}.Debug|Any CPU.ActiveCfg = Debug|Any CPU
		{97FD9381-9A44-4169-9BDD-655EC75D226B}.Debug|Any CPU.Build.0 = Debug|Any CPU
		{97FD9381-9A44-4169-9BDD-655EC75D226B}.Release|Any CPU.ActiveCfg = Release|Any CPU
		{97FD9381-9A44-4169-9BDD-655EC75D226B}.Release|Any CPU.Build.0 = Release|Any CPU
	EndGlobalSection
	GlobalSection(SolutionProperties) = preSolution
		HideSolutionNode = FALSE
	EndGlobalSection
	GlobalSection(ExtensibilityGlobals) = postSolution
		SolutionGuid = {CE5C5383-C66B-4880-9BEE-3E482E845DD1}
	EndGlobalSection
EndGlobal
